version = 1
revision = 3
requires-python = ">=3.14"
resolution-markers = [
    "sys_platform == 'win32'",
    "sys_platform == 'emscripten'",
    "sys_platform != 'emscripten' and sys_platform != 'win32'",
]

[[package]]
name = "altgraph"
version = "0.17.5"
source = { registry = "https://pypi.org/simple" }
sdist = { url = "https://files.pythonhosted.org/packages/7e/f8/97fdf103f38fed6792a1601dbc16cc8aac56e7459a9fff08c812d8ae177a/altgraph-0.17.5.tar.gz", hash = "sha256:c87b395dd12fabde9c99573a9749d67da8d29ef9de0125c7f536699b4a9bc9e7", size = 48428, upload-time = "2025-11-21T20:35:50.583Z" }
wheels = [
    { url = "https://files.pythonhosted.org/packages/a9/ba/000a1996d4308bc65120167c21241a3b205464a2e0b58deda26ae8ac21d1/altgraph-0.17.5-py2.py3-none-any.whl", hash = "sha256:f3a22400bce1b0c701683820ac4f3b159cd301acab067c51c653e06961600597", size = 21228, upload-time = "2025-11-21T20:35:49.444Z" },
]

[[package]]
name = "aoi-reports"
version = "0.1.0"
source = { virtual = "." }
dependencies = [
    { name = "openpyxl" },
    { name = "pandas" },
    { name = "pyside6" },
    { name = "pytest" },
]

[package.dev-dependencies]
dev = [
    { name = "pyinstaller" },
]

[package.metadata]
requires-dist = [
    { name = "openpyxl", specifier = ">=3.1.5" },
    { name = "pandas", specifier = ">=3.0.5" },
    { name = "pyside6", specifier = ">=6.11.2" },
    { name = "pytest", specifier = ">=9.1.1" },
]

[package.metadata.requires-dev]
dev = [{ name = "pyinstaller", specifier = ">=6.22.2" }]

[[package]]
name = "colorama"
version = "0.4.6"
source = { registry = "https://pypi.org/simple" }
sdist = { url = "https://files.pythonhosted.org/packages/d8/53/6f443c9a4a8358a93a6792e2acffb9d9d5cb0a5cfd8802644b7b1c9a02e4/colorama-0.4.6.tar.gz", hash = "sha256:08695f5cb7ed6e0531a20572697297273c47b8cae5a63ffc6d6ed5c201be6e44", size = 27697, upload-time = "2022-10-25T02:36:22.414Z" }
wheels = [
    { url = "https://files.pythonhosted.org/packages/d1/d6/3965ed04c63042e047cb6a3e6ed1a63a35087b6a609aa3a15ed8ac56c221/colorama-0.4.6-py2.py3-none-any.whl", hash = "sha256:4f1d9991f5acc0ca119f9d443620b77f9d6b33703e51011c16baf57afb285fc6", size = 25335, upload-time = "2022-10-25T02:36:20.889Z" },
]

[[package]]
name = "et-xmlfile"
version = "2.0.0"
source = { registry = "https://pypi.org/simple" }
sdist = { url = "https://files.pythonhosted.org/packages/d3/38/af70d7ab1ae9d4da450eeec1fa3918940a5fafb9055e934af8d6eb0c2313/et_xmlfile-2.0.0.tar.gz", hash = "sha256:dab3f4764309081ce75662649be815c4c9081e88f0837825f90fd28317d4da54", size = 17234, upload-time = "2024-10-25T17:25:40.039Z" }
wheels = [
    { url = "https://files.pythonhosted.org/packages/c1/8b/5fe2cc11fee489817272089c4203e679c63b570a5aaeb18d852ae3cbba6a/et_xmlfile-2.0.0-py3-none-any.whl", hash = "sha256:7a91720bc756843502c3b7504c77b8fe44217c85c537d85037f0f536151b2caa", size = 18059, upload-time = "2024-10-25T17:25:39.051Z" },
]

[[package]]
name = "iniconfig"
version = "2.3.0"
source = { registry = "https://pypi.org/simple" }
sdist = { url = "https://files.pythonhosted.org/packages/72/34/14ca021ce8e5dfedc35312d08ba8bf51fdd999c576889fc2c24cb97f4f10/iniconfig-2.3.0.tar.gz", hash = "sha256:c76315c77db068650d49c5b56314774a7804df16fee4402c1f19d6d15d8c4730", size = 20503, upload-time = "2025-10-18T21:55:43.219Z" }
wheels = [
    { url = "https://files.pythonhosted.org/packages/cb/b1/3846dd7f199d53cb17f49cba7e651e9ce294d8497c8c150530ed11865bb8/iniconfig-2.3.0-py3-none-any.whl", hash = "sha256:f631c04d2c48c52b84d0d0549c99ff3859c98df65b3101406327ecc7d53fbf12", size = 7484, upload-time = "2025-10-18T21:55:41.639Z" },
]

[[package]]
name = "macholib"
version = "1.16.4"
source = { registry = "https://pypi.org/simple" }
dependencies = [
    { name = "altgraph", marker = "sys_platform != 'emscripten' and sys_platform != 'win32'" },
]
sdist = { url = "https://files.pythonhosted.org/packages/10/2f/97589876ea967487978071c9042518d28b958d87b17dceb7cdc1d881f963/macholib-1.16.4.tar.gz", hash = "sha256:f408c93ab2e995cd2c46e34fe328b130404be143469e41bc366c807448979362", size = 59427, upload-time = "2025-11-22T08:28:38.373Z" }
wheels = [
    { url = "https://files.pythonhosted.org/packages/c7/d1/a9f36f8ecdf0fb7c9b1e78c8d7af12b8c8754e74851ac7b94a8305540fc7/macholib-1.16.4-py2.py3-none-any.whl", hash = "sha256:da1a3fa8266e30f0ce7e97c6a54eefaae8edd1e5f86f3eb8b95457cae90265ea", size = 38117, upload-time = "2025-11-22T08:28:36.939Z" },
]

[[package]]
name = "numpy"
version = "2.5.3"
source = { registry = "https://pypi.org/simple" }
sdist = { url = "https://files.pythonhosted.org/packages/13/01/11703282db468b85f6f7b8c7f22d058de5970d5c7e60a3a8aaa313c3de36/numpy-2.5.3.tar.gz", hash = "sha256:df2d5874ff183595a4ba404edd04f6bd9b5505c1d7708573f6a6c17489a67563", size = 20791231, upload-time = "2026-09-06T16:27:47.073Z" }
wheels = [
    { url = "https://files.pythonhosted.org/packages/70/78/cf416f15dc29375a229d9dfebf8db6e313f291580b39fa1a568b6052bb07/numpy-2.5.3-cp314-cp314-macosx_10_15_x86_64.whl", hash = "sha256:350ba9783ce969cf9f7ce6e6a9a58e1a6e2a19ca025b7ee448c4db727706212a", size = 16998686, upload-time = "2026-09-06T16:25:33.171Z" },
    { url = "https://files.pythonhosted.org/packages/9e/59/abcc2d8def4fd60eec7d87f92d27c13448ffd9ab14339bcc63a0d7a2fdea/numpy-2.5.3-cp314-cp314-macosx_11_0_arm64.whl", hash = "sha256:012e66aca395d795496446e52aeeb5866312a5d4d3f27da270e5a0b43f70dc5c", size = 12013862, upload-time = "2026-09-06T16:25:36.748Z" },
    { url = "https://files.pythonhosted.org/packages/94/75/4640d2d6e4b64a049e48425a82728a41ef4adb61332d2cba68055774878b/numpy-2.5.3-cp314-cp314-macosx_14_0_arm64.whl", hash = "sha256:adc1ada2662f8a5f960b8a10d9986897e7499ef07e06d4cfe7197f8cce923c07", size = 5449793, upload-time = "2026-09-06T16:25:39.476Z" },
    { url = "https://files.pythonhosted.org/packages/96/cd/625b57ae33d4ca560f32cc0b47b4a5922146d9beb998ddf773900d440a73/numpy-2.5.3-cp314-cp314-macosx_14_0_x86_64.whl", hash = "sha256:54a115e5a73b8fc44f0cebef486365a1894b5c9760685d4558b72b7c3eb846e0", size = 6785176, upload-time = "2026-09-06T16:25:42.069Z" },
    { url = "https://files.pythonhosted.org/packages/9c/72/12918652e7912ef9751e8694c88820fcd1908e0618cb23f5f3caa6004b7b/numpy-2.5.3-cp314-cp314-manylinux_2_27_aarch64.manylinux_2_28_aarch64.whl", hash = "sha256:be5a8381859b6da607c84f4f7d6847725f1cf1853ef8a2c9e115b7d58bef47dc", size = 15703377, upload-time = "2026-09-06T16:25:45.135Z" },
    { url = "https://files.pythonhosted.org/packages/45/8f/9beacf79ca7c650688ad0baa80931adb988fe6e6e5d5903c23cc3dbd70eb/numpy-2.5.3-cp314-cp314-manylinux_2_27_x86_64.manylinux_2_28_x86_64.whl", hash = "sha256:b0521d0f4aebb6e06189451025fa17a913287b13c03d5fe05c017333b654ea5b", size = 16711928, upload-time = "2026-09-06T16:25:48.461Z" },
    { url = "https://files.pythonhosted.org/packages/09/8d/41d0a56e1ac4c87495c897a211b1368691b7237aadabec8b3b8f3a74d48f/numpy-2.5.3-cp314-cp314-musllinux_1_2_aarch64.whl", hash = "sha256:9deb49575e5b0b94ed72c8a64ec4d033381adc27e9060ae842971f697ba96104", size = 17059507, upload-time = "2026-09-06T16:25:51.873Z" },
    { url = "https://files.pythonhosted.org/packages/08/1e/0dfbc5cc251d54e2af790f254d24ec38637fa97ec7d5d11de7ffed787098/numpy-2.5.3-cp314-cp314-musllinux_1_2_x86_64.whl", hash = "sha256:b00eefbcf0f292945c4b4dec2ae845389ef5bcdcd596e6e4328051db5b5ba694", size = 18471002, upload-time = "2026-09-06T16:25:55.233Z" },
    { url = "https://files.pythonhosted.org/packages/b5/2c/dfa40f6991f8185c8c30ffd023dfcbb11888e823cfab9557b920f3bb7bed/numpy-2.5.3-cp314-cp314-win32.whl", hash = "sha256:c2381f82999704f818e2c987a865050e285ec3621262c66d40f5a96c8f899f8e", size = 6180485, upload-time = "2026-09-06T16:25:58.157Z" },
    { url = "https://files.pythonhosted.org/packages/a4/73/d2c08231e4fde7e415501fd02c715d96e98599b2d8384445933944152984/numpy-2.5.3-cp314-cp314-win_amd64.whl", hash = "sha256:2c25dfa72943e4336ddb6b0ee4277b47a0c85bede0807530ec68103bf58e2c10", size = 12698179, upload-time = "2026-09-06T16:26:00.789Z" },
    { url = "https://files.pythonhosted.org/packages/5c/e9/dcdcc9b95cf5f49815055573aee1b11cfbf5299f38a180e437ded050810f/numpy-2.5.3-cp314-cp314-win_arm64.whl", hash = "sha256:15aa985ac73a8db02db7663381aa109510449d3819d37206caed27b33a65a8a6", size = 10769383, upload-time = "2026-09-06T16:26:04.011Z" },
    { url = "https://files.pythonhosted.org/packages/49/c4/af8bc08a7ef4e1529a7c0cf24969accce316b783999802089a581ec99272/numpy-2.5.3-cp314-cp314t-macosx_11_0_arm64.whl", hash = "sha256:ac7bb1c52d445bd4f8f7f97fefe6abc3a084dc4d63df50d79b17fa2b78e89297", size = 12132668, upload-time = "2026-09-06T16:26:07.138Z" },
    { url = "https://files.pythonhosted.org/packages/c5/ae/0f15eb56d4ec5e13c1f7ff04ff407f997d1acbadb45d3e1f2e2645a8f43c/numpy-2.5.3-cp314-cp314t-macosx_14_0_arm64.whl", hash = "sha256:e6ab667ba76450084eb64013762c438ea76d9d29cc676dcd6c2e9892ba37f841", size = 5568580, upload-time = "2026-09-06T16:26:09.828Z" },
    { url = "https://files.pythonhosted.org/packages/23/fb/c72a8f25d4b6e96c354e7ab45ace3b27dc11e5d6a13b6c7d0cd6b08bf112/numpy-2.5.3-cp314-cp314t-macosx_14_0_x86_64.whl", hash = "sha256:f7fabeb6cea87d65f3b926de33d03fb016cfdc29314c90974383b5582ae72891", size = 6882634, upload-time = "2026-09-06T16:26:12.524Z" },
    { url = "https://files.pythonhosted.org/packages/07/a9/968c90ed2ab15060c338e8137f1215b5a60756ae07328e0a60d1c6734df4/numpy-2.5.3-cp314-cp314t-manylinux_2_27_aarch64.manylinux_2_28_aarch64.whl", hash = "sha256:1fb6f8fb9ff0b3a69f52c66ce397b0246583e9f28616231b0e32ca49259a5fa6", size = 15748923, upload-time = "2026-09-06T16:26:15.092Z" },
    { url = "https://files.pythonhosted.org/packages/59/08/9df04103947b95e3b6b1f2ed1a70521f325647a31b82da6a2aae3a485508/numpy-2.5.3-cp314-cp314t-manylinux_2_27_x86_64.manylinux_2_28_x86_64.whl", hash = "sha256:93e1f5447e2b1e479d7bd74701e84746b86450cff1fc368b132d195e2b8f8211", size = 16746748, upload-time = "2026-09-06T16:26:18.43Z" },
    { url = "https://files.pythonhosted.org/packages/41/a0/14c8d5fe5b53a334aabb653deb391c0fef49558f491880ea300ed6785224/numpy-2.5.3-cp314-cp314t-musllinux_1_2_aarch64.whl", hash = "sha256:c00abe94c1a69d75d827dcf1c025b25c8a45d230b3bcd77a9020883a1b047653", size = 17111561, upload-time = "2026-09-06T16:26:22.113Z" },
    { url = "https://files.pythonhosted.org/packages/c4/a6/d7e96e42f01522e154c32489640f16dfc4f6181d165d05fc3bec8c2c4999/numpy-2.5.3-cp314-cp314t-musllinux_1_2_x86_64.whl", hash = "sha256:536f963710a4e63934d80ac0dc4f478804a83e9a84b6828018f25d09953ada33", size = 18513945, upload-time = "2026-09-06T16:26:25.401Z" },
    { url = "https://files.pythonhosted.org/packages/25/39/3453afb7119d0449ef11c886874120ff180e2c337760e0e2d88f70f1a945/numpy-2.5.3-cp314-cp314t-win32.whl", hash = "sha256:4c8a6d2ebce6305fd82fbefca827775437147052a976ee7c94b36a0c1b52ac6c", size = 6335421, upload-time = "2026-09-06T16:26:28.175Z" },
    { url = "https://files.pythonhosted.org/packages/99/01/22815d2b19a1a746b1d45205cffebb3fe511a18acb75fba6c88491fc9894/numpy-2.5.3-cp314-cp314t-win_amd64.whl", hash = "sha256:9a37475425b431b4d060f23b4f52cd2f3aef6bc7c654bd760adf0040eec9d435", size = 12896420, upload-time = "2026-09-06T16:26:31.265Z" },
    { url = "https://files.pythonhosted.org/packages/fa/ee/a7cbba67eeaff038dc29ca8b98a88396c8b0cc9c89d4924f4a27a5c9150b/numpy-2.5.3-cp314-cp314t-win_arm64.whl", hash = "sha256:2d8240cb4c16fd831074aa2b2cf9fc54664d826341d61c372245b96a74a49a9a", size = 10857177, upload-time = "2026-09-06T16:26:34.167Z" },
    { url = "https://files.pythonhosted.org/packages/45/56/78194492883ff5eec90423fe56a3a44b154da047d88a6307f629713c584f/numpy-2.5.3-cp315-cp315-macosx_10_15_x86_64.whl", hash = "sha256:a6391fafaba97500887132cd582abc6e19452b1ac775a47caa7b24490e152058", size = 16996531, upload-time = "2026-09-06T16:26:37.287Z" },
    { url = "https://files.pythonhosted.org/packages/11/39/dd55c0af90bbab564b09ae3b0aa60ec5c02b900fa4f1ba23440525c8b32d/numpy-2.5.3-cp315-cp315-macosx_11_0_arm64.whl", hash = "sha256:09d5a423c71ad5feb5625844ad58050e35df43871004b52ac9c0ad44a56775be", size = 12012569, upload-time = "2026-09-06T16:26:40.707Z" },
    { url = "https://files.pythonhosted.org/packages/b6/51/04f67d32e4862b281b1cb84ceeaed3421189a84fb6fb51a391cd6d5009f7/numpy-2.5.3-cp315-cp315-macosx_14_0_arm64.whl", hash = "sha256:f9579f383d1bf9df80081e72760e84960a7fd4f88cf0c9e535a8597c9bb646f5", size = 5448498, upload-time = "2026-09-06T16:26:43.435Z" },
    { url = "https://files.pythonhosted.org/packages/a3/c9/25b4dc0dd1344ec26c7319e84fd4e9809d2b5628f4e12decd618036e5178/numpy-2.5.3-cp315-cp315-macosx_14_0_x86_64.whl", hash = "sha256:86bff898a431c0fb71f7610b75726e75a54d47b37edc9d537f48de63bb3c0b90", size = 6783026, upload-time = "2026-09-06T16:26:46.374Z" },
    { url = "https://files.pythonhosted.org/packages/fc/c7/29285be1e5232a6e7ee3268a33c85843f5a8ee93350c6465cddd66ebbf76/numpy-2.5.3-cp315-cp315-manylinux_2_27_aarch64.manylinux_2_28_aarch64.whl", hash = "sha256:1f3ed25271581281f2fccb1adcedfcde4c07362eec69189b50baf6f90e3ae159", size = 15697322, upload-time = "2026-09-06T16:26:49.415Z" },
    { url = "https://files.pythonhosted.org/packages/55/49/bbad5335fb4996a16881f853ff3e0ba582f01720e55c89b1c06b8fc42a90/numpy-2.5.3-cp315-cp315-manylinux_2_27_x86_64.manylinux_2_28_x86_64.whl", hash = "sha256:ffdc76bfcae6b255dff75202c5e7feaf95b40246bc0a17944facc1fecf9f79ab", size = 16708995, upload-time = "2026-09-06T16:26:53.127Z" },
    { url = "https://files.pythonhosted.org/packages/ef/e9/1df35483760b04a65ea44669f89dc64f30e5aca098b48ceb8b1310b0e0fe/numpy-2.5.3-cp315-cp315-musllinux_1_2_aarch64.whl", hash = "sha256:116f96cadd935c6122e9228d676fe7ede19e741f5c8bb1c3cddbe0c51ccebea2", size = 17052508, upload-time = "2026-09-06T16:26:56.464Z" },
    { url = "https://files.pythonhosted.org/packages/b8/99/66e54da8265cc8be8a7382bf96edce17aaa2837d6f484432025932a3caa5/numpy-2.5.3-cp315-cp315-musllinux_1_2_x86_64.whl", hash = "sha256:09ffa5d903faeaa5c4dd05009cf81c8bab9f2cb37c548b8d39b65b4cfa7c97f7", size = 18468224, upload-time = "2026-09-06T16:26:59.966Z" },
    { url = "https://files.pythonhosted.org/packages/01/bc/b5e90a91c115168d793dfd2ad9c69c438c2fe7a13a437e770bc5b078e732/numpy-2.5.3-cp315-cp315-win32.whl", hash = "sha256:e01c918ac3d48e18a927cf7b14a26a3e29ff2bdf2eacb976da0aecd6a43ed034", size = 6179919, upload-time = "2026-09-06T16:27:03.166Z" },
    { url = "https://files.pythonhosted.org/packages/37/ea/780748fd3985109075514ef8fc64cd25f943e40dde13a6d59141eb268fc8/numpy-2.5.3-cp315-cp315-win_amd64.whl", hash = "sha256:e931e4f499e0dc7ef29d269a8e5b35dd722e5d14be07df6240166ea7c6532fae", size = 12697656, upload-time = "2026-09-06T16:27:06.153Z" },
    { url = "https://files.pythonhosted.org/packages/b3/16/407be69a2a87c8cab64d95975a8977a426a29e138f07e276ec258f0fe4e5/numpy-2.5.3-cp315-cp315-win_arm64.whl", hash = "sha256:26e15e4aecd8617dfbaecb37d223e365d7b39411fba20454be2670a96aa74cb5", size = 10767601, upload-time = "2026-09-06T16:27:09.297Z" },
    { url = "https://files.pythonhosted.org/packages/44/bf/a97ffb01e41d50a32a9177aef942a4d0e389a3daf451d04e5f38ef6afb87/numpy-2.5.3-cp315-cp315t-macosx_10_15_x86_64.whl", hash = "sha256:6cef4bb1706dfec49243c05d921eefb4e190d41e2528b30d8035ea1f36b4c24a", size = 17090092, upload-time = "2026-09-06T16:27:12.907Z" },
    { url = "https://files.pythonhosted.org/packages/d1/24/136c02f2c2af9a067a84d0c3aa10c99012c0476fa5066732fa4a4202557d/numpy-2.5.3-cp315-cp315t-macosx_11_0_arm64.whl", hash = "sha256:d1c89973648c85069c5046ad460f7b8a00218b29a2e42359ac8cc63e9ab94832", size = 12129429, upload-time = "2026-09-06T16:27:16.089Z" },
    { url = "https://files.pythonhosted.org/packages/fe/6c/b47582d6597789bf946d5efbeb6b9e56fd8bcbd5efc6fbf51dbe1ea31eb3/numpy-2.5.3-cp315-cp315t-macosx_14_0_arm64.whl", hash = "sha256:214045a5bf00113a146ab9ee9730c44501af6723cdf1f6830932f7b5ef2e7af0", size = 5565452, upload-time = "2026-09-06T16:27:19.868Z" },
    { url = "https://files.pythonhosted.org/packages/be/b4/ef3cc6da73774202d4deae16bb321fd8298a4e0561e3539f8c4be237d916/numpy-2.5.3-cp315-cp315t-macosx_14_0_x86_64.whl", hash = "sha256:8617bbfae4486cf99c9f899966699428d19da931d06ca94ad3da986c76e15997", size = 6876736, upload-time = "2026-09-06T16:27:22.232Z" },
    { url = "https://files.pythonhosted.org/packages/9e/24/e3813329498596cb842703dcacac1741612ed9fb9c4e6a3e0c7e2ebbc597/numpy-2.5.3-cp315-cp315t-manylinux_2_27_aarch64.manylinux_2_28_aarch64.whl", hash = "sha256:595d020938c84e320bcf40ad71089e108eac0d377cd018e14a8c094f39e98d85", size = 15745777, upload-time = "2026-09-06T16:27:25.181Z" },
    { url = "https://files.pythonhosted.org/packages/4a/9e/4e7a07fd0776dc2210cdacf2010be8665194d094defc10c419d7dea794cc/numpy-2.5.3-cp315-cp315t-manylinux_2_27_x86_64.manylinux_2_28_x86_64.whl", hash = "sha256:6f24021b9f22bc6301c37b196974a92c1c18dccedb6fef3dd252e95f2d6adbe4", size = 16746949, upload-time = "2026-09-06T16:27:28.576Z" },
    { url = "https://files.pythonhosted.org/packages/91/db/01674c0e20335057813a00c2ebd546ed25bff9ed7914f9bced00f8c55d94/numpy-2.5.3-cp315-cp315t-musllinux_1_2_aarch64.whl", hash = "sha256:71b39d9f935b6ec0f8753e3e2afb51e3efba6f2e05b68b32a40754d24bcd4a3c", size = 17108994, upload-time = "2026-09-06T16:27:31.946Z" },
    { url = "https://files.pythonhosted.org/packages/45/7a/584c5e71f8d378e57cac0b033891ed65c683ef90573ba4854e8c28203db0/numpy-2.5.3-cp315-cp315t-musllinux_1_2_x86_64.whl", hash = "sha256:6b05c171afb3aa07adbd20abc00aea86fe375beb0fdb9ef780ec5b7f63bab1c0", size = 18512266, upload-time = "2026-09-06T16:27:35.196Z" },
    { url = "https://files.pythonhosted.org/packages/a1/d2/4e1014173aa3c55e6a756e0e567290743a6ab33a288460374d7ef6bcd239/numpy-2.5.3-cp315-cp315t-win32.whl", hash = "sha256:f54660b0eb6b0b9f36e7fe1cdfdff472028dd0d14acd9b9b65098efbad059469", size = 6330292, upload-time = "2026-09-06T16:27:38.149Z" },
    { url = "https://files.pythonhosted.org/packages/6c/b0/ff5658a58199b7bcaad87bf260eef6713d9d42cca4e028f935b4fc5fbac6/numpy-2.5.3-cp315-cp315t-win_amd64.whl", hash = "sha256:1aad64d99730d013cfc6debafed22783b4fc5a7f4b8bc744d2d8cf7dcc880551", size = 12884918, upload-time = "2026-09-06T16:27:40.965Z" },
    { url = "https://files.pythonhosted.org/packages/fb/0b/b12a2df5d1b774bd9007a6fdff9381145b6223d37f11afc9c37ab0efd9a1/numpy-2.5.3-cp315-cp315t-win_arm64.whl", hash = "sha256:befa1ae5bd6030b3f512b43ff3fa5290bbed6b84411a44244b14adf835f5b89d", size = 10850807, upload-time = "2026-09-06T16:27:43.868Z" },
]

[[package]]
name = "openpyxl"
version = "3.1.5"
source = { registry = "https://pypi.org/simple" }
dependencies = [
    { name = "et-xmlfile" },
]
sdist = { url = "https://files.pythonhosted.org/packages/3d/f9/88d94a75de065ea32619465d2f77b29a0469500e99012523b91cc4141cd1/openpyxl-3.1.5.tar.gz", hash = "sha256:cf0e3cf56142039133628b5acffe8ef0c12bc902d2aadd3e0fe5878dc08d1050", size = 186464, upload-time = "2024-06-28T14:03:44.161Z" }
wheels = [
    { url = "https://files.pythonhosted.org/packages/c0/da/977ded879c29cbd04de313843e76868e6e13408a94ed6b987245dc7c8506/openpyxl-3.1.5-py2.py3-none-any.whl", hash = "sha256:5282c12b107bffeef825f4617dc029afaf41d0ea60823bbb665ef3079dc79de2", size = 250910, upload-time = "2024-06-28T14:03:41.161Z" },
]

[[package]]
name = "packaging"
version = "26.3"
source = { registry = "https://pypi.org/simple" }
sdist = { url = "https://files.pythonhosted.org/packages/7d/fa/3944b40b07da9ce895c0e6303a5ab7d53da063554f534556b134a54d6093/packaging-26.3.tar.gz", hash = "sha256:94edc256424af38762eb31306eed28beb9f0efc50a8837492c9d6fd6004aed79", size = 313412, upload-time = "2026-08-04T18:15:28.737Z" }
wheels = [
    { url = "https://files.pythonhosted.org/packages/63/34/ba1c580383c9eada3711951fef0795c80b829a078d72188184bcab9dd527/packaging-26.3-py3-none-any.whl", hash = "sha256:d7193f7c8e4e93f444fde0262bf90af30e16fa0ad0ad44cb553c87339b23cd1c", size = 129956, upload-time = "2026-08-04T18:15:27.159Z" },
]

[[package]]
name = "pandas"
version = "3.0.5"
source = { registry = "https://pypi.org/simple" }
dependencies = [
    { name = "numpy" },
    { name = "python-dateutil" },
    { name = "tzdata", marker = "sys_platform == 'emscripten' or sys_platform == 'win32'" },
]
sdist = { url = "https://files.pythonhosted.org/packages/be/4f/5f3422a2afec5ffc46308b79e53291365a93748b498ac2e58bead0197916/pandas-3.0.5.tar.gz", hash = "sha256:dca3734d6ab7c906e6730f0788b0a1dbb9f2467731f9711f77995c8e9d62d712", size = 4658219, upload-time = "2026-07-22T22:19:28.819Z" }
wheels = [
    { url = "https://files.pythonhosted.org/packages/51/2f/cf6aae281264f4463f0875bcbb15fd2bb6d291cc535187dad1732475e4a9/pandas-3.0.5-cp314-cp314-macosx_10_15_x86_64.whl", hash = "sha256:2f264fc46911cc8131a7322a16199bbf8e353d27c10bb211f5bd0c814324dc36", size = 10390034, upload-time = "2026-07-22T22:18:49.818Z" },
    { url = "https://files.pythonhosted.org/packages/06/ec/5189518c7a7659c4bdcc6b1eb32c46c6f3c86b0661ffd84143d1112c7732/pandas-3.0.5-cp314-cp314-macosx_11_0_arm64.whl", hash = "sha256:53730687fcd161883b24e10411c06d6a4c0f2275d2faf3bb2bc25deb4ba8007c", size = 9980065, upload-time = "2026-07-22T22:18:52.249Z" },
    { url = "https://files.pythonhosted.org/packages/ea/f1/598503ce8d7e3c35601e0747ba288c7864baae66380725bc12f13f884dfe/pandas-3.0.5-cp314-cp314-manylinux_2_24_aarch64.manylinux_2_28_aarch64.whl", hash = "sha256:960d3ebcf249f75206899fcd2c6de53f736b7265759ced0d3e559df0b8b709b0", size = 10545532, upload-time = "2026-07-22T22:18:54.813Z" },
    { url = "https://files.pythonhosted.org/packages/fa/de/ceae2adf7034e07e9910299fe412e1819c4f0dd520700a888bcb03625448/pandas-3.0.5-cp314-cp314-manylinux_2_24_x86_64.manylinux_2_28_x86_64.whl", hash = "sha256:9e94c2c5ca43bd3ca32bf64d32308887b65e5f9bfd8023ea52755107a999f93b", size = 10963120, upload-time = "2026-07-22T22:18:57.42Z" },
    { url = "https://files.pythonhosted.org/packages/66/25/86e0f4451874eb79e688deeebe3c451fec4557f8952005818d800ee8ac7e/pandas-3.0.5-cp314-cp314-musllinux_1_2_aarch64.whl", hash = "sha256:e819dd5f62966b481a8cb649d3299ebd886a1ea91ed5a99bf7ce77c98d18ab94", size = 11563178, upload-time = "2026-07-22T22:18:59.729Z" },
    { url = "https://files.pythonhosted.org/packages/f3/45/8643daa3b4147e433adfcccefdd0380d3aad79d86b15d8999730fe1944d5/pandas-3.0.5-cp314-cp314-musllinux_1_2_x86_64.whl", hash = "sha256:3c5ed2e7c06e91d340dfd091d7934f9bc82e4a36b95f647f090b9d1c9ac649da", size = 12028708, upload-time = "2026-07-22T22:19:02.164Z" },
    { url = "https://files.pythonhosted.org/packages/96/58/ad979ae617615576e8aafd569c9d4b62f1191d896e38f51d66ba06f3b89a/pandas-3.0.5-cp314-cp314-win_amd64.whl", hash = "sha256:cd8f7c6dc98527058ee6264219343f5392240a6f1bfa654fc5d79023020d0c92", size = 9951806, upload-time = "2026-07-22T22:19:04.596Z" },
    { url = "https://files.pythonhosted.org/packages/69/32/7ac03886b304049a9d2625ee88f59af760d8a93bd30ed9239bce7b9869a8/pandas-3.0.5-cp314-cp314-win_arm64.whl", hash = "sha256:5183427f5a8156d480f30333777bc978be93650a49a7c01db26adffe95b31e85", size = 9238297, upload-time = "2026-07-22T22:19:06.836Z" },
    { url = "https://files.pythonhosted.org/packages/be/ed/1d1f2ee5547d5167face2376d11c8b2a4c7bfff5a416ee7a9046891fab1e/pandas-3.0.5-cp314-cp314t-macosx_10_15_x86_64.whl", hash = "sha256:303da736987d481074ca720ada325f8bd80c64ebc2d45ed79b29df3aaa4a26ca", size = 10849690, upload-time = "2026-07-22T22:19:09.391Z" },
    { url = "https://files.pythonhosted.org/packages/57/55/17e17152e98fbb0c4b1e562bc65387a2f20a80db0f4a86bf8d3a0e4248d4/pandas-3.0.5-cp314-cp314t-macosx_11_0_arm64.whl", hash = "sha256:3b2801bbb049d0136f6c213eae02b5fca969384fc2064dd728d8620552aa49da", size = 10509945, upload-time = "2026-07-22T22:19:11.773Z" },
    { url = "https://files.pythonhosted.org/packages/88/90/817d44dbf83facf9556f33576d9af0a241981e7bb5c00606c0bcb5df8dda/pandas-3.0.5-cp314-cp314t-manylinux_2_24_aarch64.manylinux_2_28_aarch64.whl", hash = "sha256:cce3a9d11d2b1f82c69a27ec1f4948a170e2c403c4bbfa8cca62e3fdebe2ef3a", size = 10392197, upload-time = "2026-07-22T22:19:14.024Z" },
    { url = "https://files.pythonhosted.org/packages/f1/da/889f00c0a6f5aa1545add70abbf01502dff87ab577adb855bd631c54d2f2/pandas-3.0.5-cp314-cp314t-manylinux_2_24_x86_64.manylinux_2_28_x86_64.whl", hash = "sha256:ef01af4d8dc6cd2c8d6c7736f149574ef93fe043811eeb5e445f2647154b5040", size = 10862726, upload-time = "2026-07-22T22:19:16.351Z" },
    { url = "https://files.pythonhosted.org/packages/bc/98/f1e934fb3c98fce859c6147c6785816c7b5b9ab7821115c5d8c4de9842b9/pandas-3.0.5-cp314-cp314t-musllinux_1_2_aarch64.whl", hash = "sha256:e2759e890db96dfcffdbd9b86c3c2cb6afaf58def482820317e06163ec1066cd", size = 11414864, upload-time = "2026-07-22T22:19:18.981Z" },
    { url = "https://files.pythonhosted.org/packages/fe/be/d448af7d657d82e1888dd8551f79c6d6fb161080b5b9752d84d910ec2319/pandas-3.0.5-cp314-cp314t-musllinux_1_2_x86_64.whl", hash = "sha256:b58b1b39d46a5862e3fb18f50d1a201398619d16a0f9f73f57eea5583cf0e63c", size = 11925105, upload-time = "2026-07-22T22:19:21.515Z" },
    { url = "https://files.pythonhosted.org/packages/29/c1/ccb4238212c8c4f496c584f3044d94e0c030ed8e1d68999db46c91c2242f/pandas-3.0.5-cp314-cp314t-win_amd64.whl", hash = "sha256:1c10461f6eeb35d8f05b6184c65c8b9991663b66c46b1d559b682cb34ae7c6ea", size = 10387612, upload-time = "2026-07-22T22:19:24.257Z" },
    { url = "https://files.pythonhosted.org/packages/d2/cf/6a51b2c38980e04c279fd2fa908a1b0982064e860444acfca4ec2e2c8359/pandas-3.0.5-cp314-cp314t-win_arm64.whl", hash = "sha256:3c5015fd1730fbf883647e88068176c839c102cea883ba1769a6f4593bfc1f8c", size = 9509776, upload-time = "2026-07-22T22:19:26.694Z" },
]

[[package]]
name = "pefile"
version = "2024.8.26"
source = { registry = "https://pypi.org/simple" }
sdist = { url = "https://files.pythonhosted.org/packages/03/4f/2750f7f6f025a1507cd3b7218691671eecfd0bbebebe8b39aa0fe1d360b8/pefile-2024.8.26.tar.gz", hash = "sha256:3ff6c5d8b43e8c37bb6e6dd5085658d658a7a0bdcd20b6a07b1fcfc1c4e9d632", size = 76008, upload-time = "2024-08-26T20:58:38.155Z" }
wheels = [
    { url = "https://files.pythonhosted.org/packages/54/16/12b82f791c7f50ddec566873d5bdd245baa1491bac11d15ffb98aecc8f8b/pefile-2024.8.26-py3-none-any.whl", hash = "sha256:76f8b485dcd3b1bb8166f1128d395fa3d87af26360c2358fb75b80019b957c6f", size = 74766, upload-time = "2024-08-26T21:01:02.632Z" },
]

[[package]]
name = "pluggy"
version = "1.6.0"
source = { registry = "https://pypi.org/simple" }
sdist = { url = "https://files.pythonhosted.org/packages/f9/e2/3e91f31a7d2b083fe6ef3fa267035b518369d9511ffab804f839851d2779/pluggy-1.6.0.tar.gz", hash = "sha256:7dcc130b76258d33b90f61b658791dede3486c3e6bfb003ee5c9bfb396dd22f3", size = 69412, upload-time = "2025-05-15T12:30:07.975Z" }
wheels = [
    { url = "https://files.pythonhosted.org/packages/54/20/4d324d65cc6d9205fabedc306948156824eb9f0ee1633355a8f7ec5c66bf/pluggy-1.6.0-py3-none-any.whl", hash = "sha256:e920276dd6813095e9377c0bc5566d94c932c33b27a3e3945d8389c374dd4746", size = 20538, upload-time = "2025-05-15T12:30:06.134Z" },
]

[[package]]
name = "pygments"
version = "2.21.0"
source = { registry = "https://pypi.org/simple" }
sdist = { url = "https://files.pythonhosted.org/packages/49/2e/ced460408999b33da6b31b0021b0f37d329e202d4169aeb164493778f25b/pygments-2.21.0.tar.gz", hash = "sha256:610ca751c9bc2492b38eb9a38a7fbc93edbbb2d7182edaf34e66ae493dee5c8c", size = 5005329, upload-time = "2026-08-17T08:02:48.824Z" }
wheels = [
    { url = "https://files.pythonhosted.org/packages/71/46/17f022dd3e953bf20a04a028a21ec746d942f8d2af30fa0f124fa0e6a684/pygments-2.21.0-py3-none-any.whl", hash = "sha256:2363c69b61c4a97c838da3b130dcd6468f4848992b21a82f2a63ec34377137d9", size = 1250147, upload-time = "2026-08-17T08:02:44.912Z" },
]

[[package]]
name = "pyinstaller"
version = "6.22.2"
source = { registry = "https://pypi.org/simple" }
dependencies = [
    { name = "altgraph" },
    { name = "macholib", marker = "sys_platform == 'darwin'" },
    { name = "packaging" },
    { name = "pefile", marker = "sys_platform == 'win32'" },
    { name = "pyinstaller-hooks-contrib" },
    { name = "pywin32-ctypes", marker = "sys_platform == 'win32'" },
    { name = "setuptools" },
]
sdist = { url = "https://files.pythonhosted.org/packages/cc/2b/836d9def811c02522e0921d8b8cdf0c16b0545a216e97e71041758057859/pyinstaller-6.22.2.tar.gz", hash = "sha256:89b65a3ad07d9dd5832253e37bc45f31872d10d7f9d5c9fd0fdd6088a83829dd", size = 4092631, upload-time = "2026-08-17T20:53:22.231Z" }
wheels = [
    { url = "https://files.pythonhosted.org/packages/57/39/08cd53632276de70426e7c273820277a48253fee397b4048301ec03c3566/pyinstaller-6.22.2-py3-none-macosx_10_13_universal2.whl", hash = "sha256:ebd1b1ca932d7cf25d7366ce691aaf79a5ff9425811ed7328b5116e4471b6d6d", size = 1062734, upload-time = "2026-08-17T20:52:17.635Z" },
    { url = "https://files.pythonhosted.org/packages/74/22/2d865896782cbb41e2388c7314207c17a98acdcc1b8e5eef668873505c9f/pyinstaller-6.22.2-py3-none-manylinux2014_aarch64.whl", hash = "sha256:f5ccb847451df4207bce18bf53a57b124c9bb4e7e4bad08c5ecc627bcf00b28c", size = 755697, upload-time = "2026-08-17T20:52:21.676Z" },
    { url = "https://files.pythonhosted.org/packages/91/2b/6c11e4d5a76e716ea68da1946ab706a4bdf6d8e68b0e1dea314366d046a0/pyinstaller-6.22.2-py3-none-manylinux2014_i686.whl", hash = "sha256:becb47ad78272bede87acf2ed830d7545a8f65ab11d06a68fe2b99ba1afaac6d", size = 768870, upload-time = "2026-08-17T20:52:25.511Z" },
    { url = "https://files.pythonhosted.org/packages/cf/e2/dbfea6a58b68acf644f7193b11d570476d6ffaed57381b6d1dd9e898a971/pyinstaller-6.22.2-py3-none-manylinux2014_ppc64le.whl", hash = "sha256:06d7b3827a8049db4a2d47e3ec4ae2f69a1041577d8833b8f169745cde573ab4", size = 767445, upload-time = "2026-08-17T20:52:29.629Z" },
    { url = "https://files.pythonhosted.org/packages/5e/db/f24a21af2f87ce1df4e07fdad95eec65ef9f284267a7c1e5eeea40f49aa4/pyinstaller-6.22.2-py3-none-manylinux2014_s390x.whl", hash = "sha256:7bee432404eca5dc3ef37c36811c266561b03988f6d3e70ab0fa5352dd5de9e4", size = 762113, upload-time = "2026-08-17T20:52:34.025Z" },
    { url = "https://files.pythonhosted.org/packages/2b/07/b304ff3f5f8333778065e3658b604b0e108cd934b920f3fbab825a0dd5b7/pyinstaller-6.22.2-py3-none-manylinux2014_x86_64.whl", hash = "sha256:9622686ecc5d5fa492fe6cde29d47df9dd41138cff8177be9f901ca3260f2096", size = 762173, upload-time = "2026-08-17T20:52:38.477Z" },
    { url = "https://files.pythonhosted.org/packages/6c/9b/0af69d93dfad2e3d590a5de5828d5bcd903747c0224bd9560ab476904dfe/pyinstaller-6.22.2-py3-none-musllinux_1_1_aarch64.whl", hash = "sha256:0260eaad6be3f6fbc1affffe6dc7b8e5b636dbca51b463224daba971610b6fc1", size = 761674, upload-time = "2026-08-17T20:52:42.646Z" },
    { url = "https://files.pythonhosted.org/packages/d3/4e/28b6094dcbd1e1bbb868daf4f8752999a20c1020ab64569232be42af2be8/pyinstaller-6.22.2-py3-none-musllinux_1_1_x86_64.whl", hash = "sha256:8c2c4b14caad38c1f3df8e9bf5276fc265e27fe8b4180cab4a37864288427bc0", size = 761053, upload-time = "2026-08-17T20:52:46.594Z" },
    { url = "https://files.pythonhosted.org/packages/ba/2c/f91b63fd01422111ac04e3b9bf61c039da5a3292acb4fe5248905f0be688/pyinstaller-6.22.2-py3-none-win32.whl", hash = "sha256:9a078877caa3920558a3242d0a7019fe5b825cff4b65ed380c7d1e1bd200ddd9", size = 1344474, upload-time = "2026-08-17T20:52:53.108Z" },
    { url = "https://files.pythonhosted.org/packages/3f/53/8ba1d0f6159b490f700eac6161a4be5f0d4672608a6dae9fd73679f183ee/pyinstaller-6.22.2-py3-none-win_amd64.whl", hash = "sha256:9b990fa6bbe143572f06644a984ad0d7aa2e2ccc6929d4916031343a5888e9a7", size = 1405725, upload-time = "2026-08-17T20:52:59.667Z" },
    { url = "https://files.pythonhosted.org/packages/fb/1b/9a3062cc34c939f694d4262c4754681f6ffe853c21c124209ad2d08b8e84/pyinstaller-6.22.2-py3-none-win_arm64.whl", hash = "sha256:afb6f9a95d19b6dcd3a7decc40d9adb6ba9c4f8802ddd6c972dfb552953f384e", size = 1353806, upload-time = "2026-08-17T20:53:06.222Z" },
]

[[package]]
name = "pyinstaller-hooks-contrib"
version = "2026.7"
source = { registry = "https://pypi.org/simple" }
dependencies = [
    { name = "packaging" },
]
sdist = { url = "https://files.pythonhosted.org/packages/26/60/d881fa1ba8c160c18d8e6f782bb16ec4640c08bc08fc50f704c368ad4f9e/pyinstaller_hooks_contrib-2026.7.tar.gz", hash = "sha256:5fbcaacb22c4f4aac869a127dce283f67a4b4cfcc37d496f2446603e6d68aefa", size = 175992, upload-time = "2026-08-24T21:26:58.713Z" }
wheels = [
    { url = "https://files.pythonhosted.org/packages/0a/67/350377af7b50416344ab8792756d414eef7629c618a73e9a0b13bb1552d9/pyinstaller_hooks_contrib-2026.7-py3-none-any.whl", hash = "sha256:24257a04c7a5a7a034cf28e39dcee20fbeeb9f043076729480f2e1b69904408a", size = 459445, upload-time = "2026-08-24T21:26:57.274Z" },
]

[[package]]
name = "pyside6"
version = "6.11.2"
source = { registry = "https://pypi.org/simple" }
dependencies = [
    { name = "pyside6-addons" },
    { name = "pyside6-essentials" },
    { name = "shiboken6" },
]
wheels = [
    { url = "https://files.pythonhosted.org/packages/ae/b5/99ff75f604d69eda1c5d1fe85cc43fb697d95eabc30ba86af099c2ddcd96/pyside6-6.11.2-cp310-abi3-macosx_13_0_universal2.whl", hash = "sha256:13a3c79816879d9743672a669f1988f74459a78f89a97a2624fae4fe059ffa3a", size = 571875, upload-time = "2026-08-18T06:37:27.794Z" },
    { url = "https://files.pythonhosted.org/packages/b2/fe/968844def58150a41568b505edca0d68df6901b20ea4222ccb0c069cc703/pyside6-6.11.2-cp310-abi3-manylinux_2_34_x86_64.whl", hash = "sha256:dc6d03990489a5085842770718392ef5de36352d8f608d9a9fe03e60af4d7b66", size = 572120, upload-time = "2026-08-18T06:37:30.298Z" },
    { url = "https://files.pythonhosted.org/packages/5e/5c/f4ecc6defaec645e5ac3ca2f99e3da286a28d1c647c2d10b584e0392b94c/pyside6-6.11.2-cp310-abi3-manylinux_2_39_aarch64.whl", hash = "sha256:57fe867a6c93821a085d74e8a26f863fc2363516848181c466032595b33b1729", size = 572121, upload-time = "2026-08-18T06:37:32.383Z" },
    { url = "https://files.pythonhosted.org/packages/94/fe/4aea9d30300fff4cda9bb729c1363b9e1095a8544e0d6b57065465e16599/pyside6-6.11.2-cp310-abi3-win_amd64.whl", hash = "sha256:3201d67e3c10be2eaedd3910ff0f02351eca7e88c95a291cde5e7f2f55ef207f", size = 578382, upload-time = "2026-08-18T06:37:34.385Z" },
    { url = "https://files.pythonhosted.org/packages/26/b0/8e2fb01e9ee15ad29fe10d0dd2d37f503e4aa3714c9fbb07aca380618de7/pyside6-6.11.2-cp310-abi3-win_arm64.whl", hash = "sha256:0444ac71d0791a19bded35f6d9a94515941f23a6eb7098ca45a1b64a338be697", size = 561768, upload-time = "2026-08-18T06:37:36.437Z" },
]

[[package]]
name = "pyside6-addons"
version = "6.11.2"
source = { registry = "https://pypi.org/simple" }
dependencies = [
    { name = "pyside6-essentials" },
    { name = "shiboken6" },
]
wheels = [
    { url = "https://files.pythonhosted.org/packages/e3/91/339fe9f7c94163815004ccd6b5c58b926b2dfb4e51c3b5563d412eab151f/pyside6_addons-6.11.2-cp310-abi3-macosx_13_0_universal2.whl", hash = "sha256:354c574a839f7d0751960ba03f33bec87c95e0f2796dca3287f54d03abe97dac", size = 332047075, upload-time = "2026-08-18T06:35:33.037Z" },
    { url = "https://files.pythonhosted.org/packages/28/cd/ce470e20f68901f4dfa5f742d6a3a58ba865684a232e4b87d5a1a2179cc0/pyside6_addons-6.11.2-cp310-abi3-manylinux_2_34_x86_64.whl", hash = "sha256:a8b00956925fbdeffc7052cf933506391289f35ac4f3f71a0a167ec195cd47b4", size = 175062576, upload-time = "2026-08-18T06:35:45.583Z" },
    { url = "https://files.pythonhosted.org/packages/11/bd/f725a8984703612c72cd17d0871d047132bacaccc13fc0d288a5e8a37dad/pyside6_addons-6.11.2-cp310-abi3-manylinux_2_39_aarch64.whl", hash = "sha256:a2ca3c73e5f060d4aca49451abd9fba68dd0e1c66ff40cea3a1fe0415def579a", size = 170827254, upload-time = "2026-08-18T06:35:56.675Z" },
    { url = "https://files.pythonhosted.org/packages/fb/c1/08bf6594101b42fc88834009f1dac59a983c5b6805c62c5081f077d09b4a/pyside6_addons-6.11.2-cp310-abi3-win_amd64.whl", hash = "sha256:f449ea4431da20e7b86752cca8d166f93434516fe417f981c27e5f8e1b554407", size = 168208836, upload-time = "2026-08-18T06:36:07.295Z" },
    { url = "https://files.pythonhosted.org/packages/26/60/e4b7f09343e9f29e565f488fb44c4f1fe260db481ba2c08ad8a1a7d48216/pyside6_addons-6.11.2-cp310-abi3-win_arm64.whl", hash = "sha256:d5606af369484b862b4d5741cfc179e19d2b8819c3e04d210b8188e0c9f85988", size = 35807245, upload-time = "2026-08-18T06:36:12.485Z" },
]

[[package]]
name = "pyside6-essentials"
version = "6.11.2"
source = { registry = "https://pypi.org/simple" }
dependencies = [
    { name = "shiboken6" },
]
wheels = [
    { url = "https://files.pythonhosted.org/packages/6f/16/0b7ecf89ebada82ed0430be33809ff325761ece83104f8635b1bd101fcd0/pyside6_essentials-6.11.2-cp310-abi3-macosx_13_0_universal2.whl", hash = "sha256:77795c145202e65a78d88f7cd409d186e3ba23d159bdb3ba2dcd159ae5e5f0d9", size = 110800753, upload-time = "2026-08-18T06:36:33.674Z" },
    { url = "https://files.pythonhosted.org/packages/0e/1a/84a84bbc75835ee88abdcb66eb875b8e1a21834af9b833bc1893f2c1bfaf/pyside6_essentials-6.11.2-cp310-abi3-manylinux_2_34_x86_64.whl", hash = "sha256:aaf9f25f0f324874085fa5b26a610318db8a8e243cf85bb3e5400595191c7778", size = 80108947, upload-time = "2026-08-18T06:36:40.637Z" },
    { url = "https://files.pythonhosted.org/packages/60/4c/d92b08a2151d095b9a3725fa0e71b215ec686d40bbd5d8b702d21a9b5eaa/pyside6_essentials-6.11.2-cp310-abi3-manylinux_2_39_aarch64.whl", hash = "sha256:d3ec6e1885c46e57f16364f38ea8040ffc5dc0b18341058f608fede3ba930567", size = 79575497, upload-time = "2026-08-18T06:36:46.97Z" },
    { url = "https://files.pythonhosted.org/packages/dc/09/d2662684aee4d3f027ff9b1e965f22301bc28ffc5b7f167658508e4475dc/pyside6_essentials-6.11.2-cp310-abi3-win_amd64.whl", hash = "sha256:c8a29def77032773a30879f7f24415b5395ad08592d147c170824ef4c735dfc1", size = 76913043, upload-time = "2026-08-18T06:36:54.038Z" },
    { url = "https://files.pythonhosted.org/packages/cd/87/4dd2a6468cea600da1fcf9c7f02bc248eeaa98cdc75658e48e669d95326a/pyside6_essentials-6.11.2-cp310-abi3-win_arm64.whl", hash = "sha256:fadd75c5c20800d64dd0a586ea8cb337c5e630aa2246df0e5105738afa46e02c", size = 58125520, upload-time = "2026-08-18T06:36:59.073Z" },
]

[[package]]
name = "pytest"
version = "9.1.1"
source = { registry = "https://pypi.org/simple" }
dependencies = [
    { name = "colorama", marker = "sys_platform == 'win32'" },
    { name = "iniconfig" },
    { name = "packaging" },
    { name = "pluggy" },
    { name = "pygments" },
]
sdist = { url = "https://files.pythonhosted.org/packages/e4/47/b9efed96c114afcfa3c9d3fe98a76a1d14c74a9e266d397cf6eb64be5e01/pytest-9.1.1.tar.gz", hash = "sha256:1088fbde8f2b49d95a549a195707afa7a76a3ce9bcadc26b6d71f0ffda5fe313", size = 1636369, upload-time = "2026-06-19T10:58:32.857Z" }
wheels = [
    { url = "https://files.pythonhosted.org/packages/24/25/1de2678b631f5a49215c6c96fff41ba892b0a34df68d6d80292b1b48aa7f/pytest-9.1.1-py3-none-any.whl", hash = "sha256:37a86b45efb9a47a61a36449063e8e18d0cab3161329fc099eb21783169c4f0c", size = 386536, upload-time = "2026-06-19T10:58:31.347Z" },
]

[[package]]
name = "python-dateutil"
version = "2.9.0.post0"
source = { registry = "https://pypi.org/simple" }
dependencies = [
    { name = "six" },
]
sdist = { url = "https://files.pythonhosted.org/packages/66/c0/0c8b6ad9f17a802ee498c46e004a0eb49bc148f2fd230864601a86dcf6db/python-dateutil-2.9.0.post0.tar.gz", hash = "sha256:37dd54208da7e1cd875388217d5e00ebd4179249f90fb72437e91a35459a0ad3", size = 342432, upload-time = "2024-03-01T18:36:20.211Z" }
wheels = [
    { url = "https://files.pythonhosted.org/packages/ec/57/56b9bcc3c9c6a792fcbaf139543cee77261f3651ca9da0c93f5c1221264b/python_dateutil-2.9.0.post0-py2.py3-none-any.whl", hash = "sha256:a8b2bc7bffae282281c8140a97d3aa9c14da0b136dfe83f850eea9a5f7470427", size = 229892, upload-time = "2024-03-01T18:36:18.57Z" },
]

[[package]]
name = "pywin32-ctypes"
version = "0.2.3"
source = { registry = "https://pypi.org/simple" }
sdist = { url = "https://files.pythonhosted.org/packages/85/9f/01a1a99704853cb63f253eea009390c88e7131c67e66a0a02099a8c917cb/pywin32-ctypes-0.2.3.tar.gz", hash = "sha256:d162dc04946d704503b2edc4d55f3dba5c1d539ead017afa00142c38b9885755", size = 29471, upload-time = "2024-08-14T10:15:34.626Z" }
wheels = [
    { url = "https://files.pythonhosted.org/packages/de/3d/8161f7711c017e01ac9f008dfddd9410dff3674334c233bde66e7ba65bbf/pywin32_ctypes-0.2.3-py3-none-any.whl", hash = "sha256:8a1513379d709975552d202d942d9837758905c8d01eb82b8bcc30918929e7b8", size = 30756, upload-time = "2024-08-14T10:15:33.187Z" },
]

[[package]]
name = "setuptools"
version = "84.0.0"
source = { registry = "https://pypi.org/simple" }
sdist = { url = "https://files.pythonhosted.org/packages/6d/44/f5da03a8ef95d369145c5bb53050e7877c9f3d312e128605fd9504829143/setuptools-84.0.0.tar.gz", hash = "sha256:f4695c21257f0d9b537ec2692c941d02ee143b7cc1276941349a546573b2ef73", size = 1168449, upload-time = "2026-08-08T18:27:58.365Z" }
wheels = [
    { url = "https://files.pythonhosted.org/packages/95/9c/c510029fc6ef33a6275cd2c5d3cecd6613dfd6aa401d57c54f1c18852ccf/setuptools-84.0.0-py3-none-any.whl", hash = "sha256:51a52592b3b99e102b609654876bd65f19f999935166d1352678931132b0c670", size = 818216, upload-time = "2026-08-08T18:27:56.719Z" },
]

[[package]]
name = "shiboken6"
version = "6.11.2"
source = { registry = "https://pypi.org/simple" }
wheels = [
    { url = "https://files.pythonhosted.org/packages/47/44/11bf71c36e71936ab4e923e5dd23599dab527c4488b01860b0f689ce9947/shiboken6-6.11.2-cp310-abi3-macosx_13_0_universal2.whl", hash = "sha256:53659683b1f7a08e9f87eff9b1065f1ceb7110cd7a4bc09fdf5efe43d286604d", size = 476674, upload-time = "2026-08-18T06:37:11.526Z" },
    { url = "https://files.pythonhosted.org/packages/a5/9a/f41bea4316d0c1bec4800842dcb4bd8fd3e29d6a79c496bc32e1aec42583/shiboken6-6.11.2-cp310-abi3-manylinux_2_34_x86_64.whl", hash = "sha256:7a7a0a72a9ed26c9bf77d42246b1c736486befb8f31aa2fb29957ea4cdd1c1c2", size = 272435, upload-time = "2026-08-18T06:37:13.397Z" },
    { url = "https://files.pythonhosted.org/packages/56/05/79ed0697515d4fc7435459e4ed4c4a3b5621a55b7c91d0f3f2cc3d617aa0/shiboken6-6.11.2-cp310-abi3-manylinux_2_39_aarch64.whl", hash = "sha256:4bbbd6fa4d7cff5ec5e12bc4c10e1d845fa30c89457ecb13cc64f7bddb77f6f9", size = 270668, upload-time = "2026-08-18T06:37:15.025Z" },
    { url = "https://files.pythonhosted.org/packages/ce/6b/fee1b4814317e4664e318644c9c007676c65a71e5b2b9d3ac4121a94dc0a/shiboken6-6.11.2-cp310-abi3-win_amd64.whl", hash = "sha256:6ab0eba1c904455df621f9a6df3ca2bb896bab8670572d2bc4e37804ae91f19a", size = 1226578, upload-time = "2026-08-18T06:37:18.002Z" },
    { url = "https://files.pythonhosted.org/packages/4d/b5/80c4e5aafeb8ac777cf5a1becfe87ac7197c35051df00b5f7819787e09d5/shiboken6-6.11.2-cp310-abi3-win_arm64.whl", hash = "sha256:97c49432488df958f0308736f3d15b6915d8826fc380af17bb4b9ec5c4a5e81b", size = 1784669, upload-time = "2026-08-18T06:37:21.046Z" },
]

[[package]]
name = "six"
version = "1.17.0"
source = { registry = "https://pypi.org/simple" }
sdist = { url = "https://files.pythonhosted.org/packages/94/e7/b2c673351809dca68a0e064b6af791aa332cf192da575fd474ed7d6f16a2/six-1.17.0.tar.gz", hash = "sha256:ff70335d468e7eb6ec65b95b99d3a2836546063f63acc5171de367e834932a81", size = 34031, upload-time = "2024-12-04T17:35:28.174Z" }
wheels = [
    { url = "https://files.pythonhosted.org/packages/b7/ce/149a00dd41f10bc29e5921b496af8b574d8413afcd5e30dfa0ed46c2cc5e/six-1.17.0-py2.py3-none-any.whl", hash = "sha256:4721f391ed90541fddacab5acf947aa0d3dc7d27b2e1e8eda2be8970586c3274", size = 11050, upload-time = "2024-12-04T17:35:26.475Z" },
]

[[package]]
name = "tzdata"
version = "2026.3"
source = { registry = "https://pypi.org/simple" }
sdist = { url = "https://files.pythonhosted.org/packages/92/ff/5a28bdfd8c3ebec42564ac7d0e54ca3db65044a9314a97f9564fa7a1e926/tzdata-2026.3.tar.gz", hash = "sha256:4a1518b8993086a7982523e071643f3c0e5f213e75b21318e78bcabfff9d1415", size = 198674, upload-time = "2026-07-10T08:50:37.887Z" }
wheels = [
    { url = "https://files.pythonhosted.org/packages/e5/6d/b53b99a9f2766d095985947a5782f1702cabb129a34f7a802d7197af832f/tzdata-2026.3-py2.py3-none-any.whl", hash = "sha256:dc096730c87af6cab1b171c9d532be840741ff5d459015e7f6947bd7d7e54931", size = 348168, upload-time = "2026-07-10T08:50:36.46Z" },
]
